
Microsoft Visual Studio Solution File, Format Version 12.00
# Visual Studio Version 17
VisualStudioVersion = 17.3.32929.385
MinimumVisualStudioVersion = 10.0.40219.1
Project("{8BC9CEB8-8B4A-11D0-8D11-00A0C91BC942}") = "ConsoleApplication2", "ConsoleApplication2\ConsoleApplication2.vcxproj", "{82B7B924-7195-4B5F-9A8F-51CCEDBBE0B1}"
EndProject
Global
	GlobalSection(SolutionConfigurationPlatforms) = preSolution
		Debug|x64 = Debug|x64
		Debug|x86 = Debug|x86
		Release|x64 = Release|x64
		Release|x86 = Release|x86
	EndGlobalSection
	GlobalSection(ProjectConfigurationPlatforms) = postSolution
		{82B7B924-7195-4B5F-9A8F-51CCEDBBE0B1}.Debug|x64.ActiveCfg = Debug|x64
		{82B7B924-7195-4B5F-9A8F-51CCEDBBE0B1}.Debug|x64.Build.0 = Debug|x64
		{82B7B924-7195-4B5F-9A8F-51CCEDBBE0B1}.Debug|x86.ActiveCfg = Debug|Win32
		{82B7B924-7195-4B5F-9A8F-51CCEDBBE0B1}.Debug|x86.Build.0 = Debug|Win32
		{82B7B924-7195-4B5F-9A8F-51CCEDBBE0B1}.Release|x64.ActiveCfg = Release|x64
		{82B7B924-7195-4B5F-9A8F-51CCEDBBE0B1}.Release|x64.Build.0 = Release|x64
		{82B7B924-7195-4B5F-9A8F-51CCEDBBE0B1}.Release|x86.ActiveCfg = Release|Win32
		{82B7B924-7195-4B5F-9A8F-51CCEDBBE0B1}.Release|x86.Build.0 = Release|Win32
	EndGlobalSection
	GlobalSection(SolutionProperties) = preSolution
		HideSolutionNode = FALSE
	EndGlobalSection
	GlobalSection(ExtensibilityGlobals) = postSolution
		SolutionGuid = {F8C8BD1C-F1DC-431D-A3DC-0C49F5E9E927}
	EndGlobalSection
EndGlobal
